
Microsoft Visual Studio Solution File, Format Version 12.00
Project("{FAE04EC0-301F-11D3-BF4B-00C04F79EFBC}") = "FindSong", "FindSong\FindSong.csproj", "{4F8E90CA-FDAE-40A3-9082-1392E351462B}"
EndProject
Project("{2150E333-8FDC-42A3-9474-1A3956D46DE8}") = "Domain", "Domain", "{A2E0F4AA-8B0B-4AC1-9C48-BB52E459BDE3}"
EndProject
Project("{FAE04EC0-301F-11D3-BF4B-00C04F79EFBC}") = "FindSong.Domain", "FindSong.Domain\FindSong.Domain.csproj", "{5B410689-731E-4B44-9276-EE66FF70EB0A}"
EndProject
Project("{2150E333-8FDC-42A3-9474-1A3956D46DE8}") = "DAL", "DAL", "{177DD63F-95C1-40FE-8EFB-9501624C8830}"
EndProject
Project("{FAE04EC0-301F-11D3-BF4B-00C04F79EFBC}") = "FindSong.DAL", "FindSong.DAL\FindSong.DAL.csproj", "{00C38E2B-EDAC-4E10-A881-4A9D67272866}"
EndProject
Project("{2150E333-8FDC-42A3-9474-1A3956D46DE8}") = "BLL", "BLL", "{F7344168-7939-454E-BC00-4DFD2DBEFBCE}"
EndProject
Project("{FAE04EC0-301F-11D3-BF4B-00C04F79EFBC}") = "FindSong.BLL", "FindSong.BLL\FindSong.BLL.csproj", "{7E798CF7-57F3-4B37-8B93-B704913B87DD}"
EndProject
Global
	GlobalSection(SolutionConfigurationPlatforms) = preSolution
		Debug|Any CPU = Debug|Any CPU
		Release|Any CPU = Release|Any CPU
	EndGlobalSection
	GlobalSection(ProjectConfigurationPlatforms) = postSolution
		{4F8E90CA-FDAE-40A3-9082-1392E351462B}.Debug|Any CPU.ActiveCfg = Debug|Any CPU
		{4F8E90CA-FDAE-40A3-9082-1392E351462B}.Debug|Any CPU.Build.0 = Debug|Any CPU
		{4F8E90CA-FDAE-40A3-9082-1392E351462B}.Release|Any CPU.ActiveCfg = Release|Any CPU
		{4F8E90CA-FDAE-40A3-9082-1392E351462B}.Release|Any CPU.Build.0 = Release|Any CPU
		{5B410689-731E-4B44-9276-EE66FF70EB0A}.Debug|Any CPU.ActiveCfg = Debug|Any CPU
		{5B410689-731E-4B44-9276-EE66FF70EB0A}.Debug|Any CPU.Build.0 = Debug|Any CPU
		{5B410689-731E-4B44-9276-EE66FF70EB0A}.Release|Any CPU.ActiveCfg = Release|Any CPU
		{5B410689-731E-4B44-9276-EE66FF70EB0A}.Release|Any CPU.Build.0 = Release|Any CPU
		{00C38E2B-EDAC-4E10-A881-4A9D67272866}.Debug|Any CPU.ActiveCfg = Debug|Any CPU
		{00C38E2B-EDAC-4E10-A881-4A9D67272866}.Debug|Any CPU.Build.0 = Debug|Any CPU
		{00C38E2B-EDAC-4E10-A881-4A9D67272866}.Release|Any CPU.ActiveCfg = Release|Any CPU
		{00C38E2B-EDAC-4E10-A881-4A9D67272866}.Release|Any CPU.Build.0 = Release|Any CPU
		{7E798CF7-57F3-4B37-8B93-B704913B87DD}.Debug|Any CPU.ActiveCfg = Debug|Any CPU
		{7E798CF7-57F3-4B37-8B93-B704913B87DD}.Debug|Any CPU.Build.0 = Debug|Any CPU
		{7E798CF7-57F3-4B37-8B93-B704913B87DD}.Release|Any CPU.ActiveCfg = Release|Any CPU
		{7E798CF7-57F3-4B37-8B93-B704913B87DD}.Release|Any CPU.Build.0 = Release|Any CPU
	EndGlobalSection
	GlobalSection(NestedProjects) = preSolution
		{5B410689-731E-4B44-9276-EE66FF70EB0A} = {A2E0F4AA-8B0B-4AC1-9C48-BB52E459BDE3}
		{00C38E2B-EDAC-4E10-A881-4A9D67272866} = {177DD63F-95C1-40FE-8EFB-9501624C8830}
		{7E798CF7-57F3-4B37-8B93-B704913B87DD} = {F7344168-7939-454E-BC00-4DFD2DBEFBCE}
	EndGlobalSection
EndGlobal
